
Microsoft Visual Studio Solution File, Format Version 12.00
# Visual Studio Version 17
VisualStudioVersion = 17.7.34221.43
MinimumVisualStudioVersion = 10.0.40219.1
Project("{9A19103F-16F7-4668-BE54-9A1E7A4F7556}") = "API", "API\API.csproj", "{B35C1BD6-8685-4AC5-A40F-169CB30DAB6F}"
EndProject
Project("{FAE04EC0-301F-11D3-BF4B-00C04F79EFBC}") = "WpfApp1", "WpfApp1\WpfApp1.csproj", "{DF8810B7-5F3E-4662-B54C-FC7B91938D91}"
EndProject
Global
	GlobalSection(SolutionConfigurationPlatforms) = preSolution
		Debug|Any CPU = Debug|Any CPU
		Release|Any CPU = Release|Any CPU
	EndGlobalSection
	GlobalSection(ProjectConfigurationPlatforms) = postSolution
		{B35C1BD6-8685-4AC5-A40F-169CB30DAB6F}.Debug|Any CPU.ActiveCfg = Debug|Any CPU
		{B35C1BD6-8685-4AC5-A40F-169CB30DAB6F}.Debug|Any CPU.Build.0 = Debug|Any CPU
		{B35C1BD6-8685-4AC5-A40F-169CB30DAB6F}.Release|Any CPU.ActiveCfg = Release|Any CPU
		{B35C1BD6-8685-4AC5-A40F-169CB30DAB6F}.Release|Any CPU.Build.0 = Release|Any CPU
		{DF8810B7-5F3E-4662-B54C-FC7B91938D91}.Debug|Any CPU.ActiveCfg = Debug|Any CPU
		{DF8810B7-5F3E-4662-B54C-FC7B91938D91}.Debug|Any CPU.Build.0 = Debug|Any CPU
		{DF8810B7-5F3E-4662-B54C-FC7B91938D91}.Release|Any CPU.ActiveCfg = Release|Any CPU
		{DF8810B7-5F3E-4662-B54C-FC7B91938D91}.Release|Any CPU.Build.0 = Release|Any CPU
	EndGlobalSection
	GlobalSection(SolutionProperties) = preSolution
		HideSolutionNode = FALSE
	EndGlobalSection
	GlobalSection(ExtensibilityGlobals) = postSolution
		SolutionGuid = {E848EDF1-2F5C-434F-86CC-CF73F66062F8}
	EndGlobalSection
EndGlobal
